
Microsoft Visual Studio Solution File, Format Version 12.00
# Visual Studio Version 16
VisualStudioVersion = 16.0.30413.136
MinimumVisualStudioVersion = 10.0.40219.1
Project("{FAE04EC0-301F-11D3-BF4B-00C04F79EFBC}") = "Q3StackUsingQs", "Q3StackUsingQs\Q3StackUsingQs.csproj", "{4B6D0709-9A63-4BE9-8AEF-80C8899F1D33}"
EndProject
Global
	GlobalSection(SolutionConfigurationPlatforms) = preSolution
		Debug|Any CPU = Debug|Any CPU
		Release|Any CPU = Release|Any CPU
	EndGlobalSection
	GlobalSection(ProjectConfigurationPlatforms) = postSolution
		{4B6D0709-9A63-4BE9-8AEF-80C8899F1D33}.Debug|Any CPU.ActiveCfg = Debug|Any CPU
		{4B6D0709-9A63-4BE9-8AEF-80C8899F1D33}.Debug|Any CPU.Build.0 = Debug|Any CPU
		{4B6D0709-9A63-4BE9-8AEF-80C8899F1D33}.Release|Any CPU.ActiveCfg = Release|Any CPU
		{4B6D0709-9A63-4BE9-8AEF-80C8899F1D33}.Release|Any CPU.Build.0 = Release|Any CPU
	EndGlobalSection
	GlobalSection(SolutionProperties) = preSolution
		HideSolutionNode = FALSE
	EndGlobalSection
	GlobalSection(ExtensibilityGlobals) = postSolution
		SolutionGuid = {08E3A8AF-DA97-4625-A437-AA924955F3D5}
	EndGlobalSection
EndGlobal
